
Microsoft Visual Studio Solution File, Format Version 12.00
# Visual Studio Version 16
VisualStudioVersion = 16.0.32407.337
MinimumVisualStudioVersion = 10.0.40219.1
Project("{FAE04EC0-301F-11D3-BF4B-00C04F79EFBC}") = "WebApplication2", "WebApplication2\WebApplication2.csproj", "{D720C5CD-210D-4E64-AF11-ACA411413FAF}"
EndProject
Global
	GlobalSection(SolutionConfigurationPlatforms) = preSolution
		Debug|Any CPU = Debug|Any CPU
		Release|Any CPU = Release|Any CPU
	EndGlobalSection
	GlobalSection(ProjectConfigurationPlatforms) = postSolution
		{D720C5CD-210D-4E64-AF11-ACA411413FAF}.Debug|Any CPU.ActiveCfg = Debug|Any CPU
		{D720C5CD-210D-4E64-AF11-ACA411413FAF}.Debug|Any CPU.Build.0 = Debug|Any CPU
		{D720C5CD-210D-4E64-AF11-ACA411413FAF}.Release|Any CPU.ActiveCfg = Release|Any CPU
		{D720C5CD-210D-4E64-AF11-ACA411413FAF}.Release|Any CPU.Build.0 = Release|Any CPU
	EndGlobalSection
	GlobalSection(SolutionProperties) = preSolution
		HideSolutionNode = FALSE
	EndGlobalSection
	GlobalSection(ExtensibilityGlobals) = postSolution
		SolutionGuid = {C380B49A-4A73-410E-9E1A-F3DD5B5907A2}
	EndGlobalSection
EndGlobal
